
Microsoft Visual Studio Solution File, Format Version 12.00
# Visual Studio 15
VisualStudioVersion = 15.0.27428.2027
MinimumVisualStudioVersion = 10.0.40219.1
Project("{FAE04EC0-301F-11D3-BF4B-00C04F79EFBC}") = "ConsoleApp5", "ConsoleApp5\ConsoleApp5.csproj", "{FEA68123-5A01-415E-82A8-D446DB1D5797}"
EndProject
Project("{FAE04EC0-301F-11D3-BF4B-00C04F79EFBC}") = "ConsoleApp1", "ConsoleApp1\ConsoleApp1.csproj", "{782C91D7-12D1-42A6-8D8B-B15CC77040B3}"
EndProject
Global
	GlobalSection(SolutionConfigurationPlatforms) = preSolution
		Debug|Any CPU = Debug|Any CPU
		Release|Any CPU = Release|Any CPU
	EndGlobalSection
	GlobalSection(ProjectConfigurationPlatforms) = postSolution
		{FEA68123-5A01-415E-82A8-D446DB1D5797}.Debug|Any CPU.ActiveCfg = Debug|Any CPU
		{FEA68123-5A01-415E-82A8-D446DB1D5797}.Debug|Any CPU.Build.0 = Debug|Any CPU
		{FEA68123-5A01-415E-82A8-D446DB1D5797}.Release|Any CPU.ActiveCfg = Release|Any CPU
		{FEA68123-5A01-415E-82A8-D446DB1D5797}.Release|Any CPU.Build.0 = Release|Any CPU
		{782C91D7-12D1-42A6-8D8B-B15CC77040B3}.Debug|Any CPU.ActiveCfg = Debug|Any CPU
		{782C91D7-12D1-42A6-8D8B-B15CC77040B3}.Debug|Any CPU.Build.0 = Debug|Any CPU
		{782C91D7-12D1-42A6-8D8B-B15CC77040B3}.Release|Any CPU.ActiveCfg = Release|Any CPU
		{782C91D7-12D1-42A6-8D8B-B15CC77040B3}.Release|Any CPU.Build.0 = Release|Any CPU
	EndGlobalSection
	GlobalSection(SolutionProperties) = preSolution
		HideSolutionNode = FALSE
	EndGlobalSection
	GlobalSection(ExtensibilityGlobals) = postSolution
		SolutionGuid = {EA1C9B92-58F7-49C1-B021-C5E1773620FF}
	EndGlobalSection
EndGlobal
